
Microsoft Visual Studio Solution File, Format Version 12.00
Project("{F2A71F9B-5D33-465A-A702-920D77279786}") = "Fling", "Fling\Fling.fsproj", "{EB629DD8-A10B-4264-8CA5-2CA8A1CE6783}"
EndProject
Project("{2150E333-8FDC-42A3-9474-1A3956D46DE8}") = "Documentation", "Documentation", "{8F89F8DF-FB16-4D38-81F2-E8907ABB42E3}"
	ProjectSection(SolutionItems) = preProject
		LICENSE = LICENSE
		README.md = README.md
	EndProjectSection
EndProject
Global
	GlobalSection(SolutionConfigurationPlatforms) = preSolution
		Debug|Any CPU = Debug|Any CPU
		Release|Any CPU = Release|Any CPU
	EndGlobalSection
	GlobalSection(ProjectConfigurationPlatforms) = postSolution
		{EB629DD8-A10B-4264-8CA5-2CA8A1CE6783}.Debug|Any CPU.ActiveCfg = Debug|Any CPU
		{EB629DD8-A10B-4264-8CA5-2CA8A1CE6783}.Debug|Any CPU.Build.0 = Debug|Any CPU
		{EB629DD8-A10B-4264-8CA5-2CA8A1CE6783}.Release|Any CPU.ActiveCfg = Release|Any CPU
		{EB629DD8-A10B-4264-8CA5-2CA8A1CE6783}.Release|Any CPU.Build.0 = Release|Any CPU
	EndGlobalSection
EndGlobal
